
Microsoft Visual Studio Solution File, Format Version 12.00
# Visual Studio Version 16
VisualStudioVersion = 16.0.30320.27
MinimumVisualStudioVersion = 10.0.40219.1
Project("{9A19103F-16F7-4668-BE54-9A1E7A4F7556}") = "ZeroGravity", "ZeroGravity\ZeroGravity.csproj", "{7403AD28-4573-4157-957B-BB5D8CC73C73}"
EndProject
Project("{9A19103F-16F7-4668-BE54-9A1E7A4F7556}") = "ZeroGravity.Db", "ZeroGravity.Db\ZeroGravity.Db.csproj", "{BC4049FC-8316-49AC-B739-19650EA1DDF6}"
EndProject
Project("{9A19103F-16F7-4668-BE54-9A1E7A4F7556}") = "ZeroGravity.Shared", "ZeroGravity.Shared\ZeroGravity.Shared.csproj", "{FC1418F4-DA1B-4EAF-A1BB-2F072DC17E36}"
EndProject
Project("{9A19103F-16F7-4668-BE54-9A1E7A4F7556}") = "ZeroGravity.Mobile", "ZeroGravity.Mobile\ZeroGravity.Mobile\ZeroGravity.Mobile.csproj", "{6D1C9A51-352E-404F-830E-28D585D14F1C}"
EndProject
Project("{FAE04EC0-301F-11D3-BF4B-00C04F79EFBC}") = "ZeroGravity.Mobile.Android", "ZeroGravity.Mobile\ZeroGravity.Mobile.Android\ZeroGravity.Mobile.Android.csproj", "{6D77F54A-D18D-4CB2-96E9-EC909D97B77E}"
EndProject
Project("{2150E333-8FDC-42A3-9474-1A3956D46DE8}") = "Tests", "Tests", "{50DD94C5-9BF8-4164-BD95-FE282BC83C58}"
EndProject
Project("{9A19103F-16F7-4668-BE54-9A1E7A4F7556}") = "ZeroGravity.Db.Tests", "ZeroGravity.Db.Tests\ZeroGravity.Db.Tests.csproj", "{C28131E6-DAB8-4C12-A466-72F25C6E7C04}"
EndProject
Project("{9A19103F-16F7-4668-BE54-9A1E7A4F7556}") = "ZeroGravity.Tests", "ZeroGravity.Tests\ZeroGravity.Tests.csproj", "{D872971B-6ACA-42A0-AB42-6AB276EE464C}"
EndProject
Project("{FAE04EC0-301F-11D3-BF4B-00C04F79EFBC}") = "ZeroGravity.Mobile.iOS", "ZeroGravity.Mobile\ZeroGravity.Mobile.iOS\ZeroGravity.Mobile.iOS.csproj", "{7C8E4490-D4DF-436C-B496-D5162A286BD2}"
EndProject
Project("{9A19103F-16F7-4668-BE54-9A1E7A4F7556}") = "ZeroGravity.SugarBeat.Algorithms", "ZeroGravity.SugarBeat.Algorithm\ZeroGravity.SugarBeat.Algorithms.csproj", "{6C0BF621-50EF-4B75-B3DD-BEF6B62ACF98}"
EndProject
Project("{9A19103F-16F7-4668-BE54-9A1E7A4F7556}") = "FileUploadUtility", "FileUploadUtility\FileUploadUtility.csproj", "{2DB6A173-BDCD-4EC6-8A16-0684A9D4E07D}"
EndProject
Global
	GlobalSection(SolutionConfigurationPlatforms) = preSolution
		Ad-Hoc|Any CPU = Ad-Hoc|Any CPU
		Ad-Hoc|iPhone = Ad-Hoc|iPhone
		Ad-Hoc|iPhoneSimulator = Ad-Hoc|iPhoneSimulator
		AppStore|Any CPU = AppStore|Any CPU
		AppStore|iPhone = AppStore|iPhone
		AppStore|iPhoneSimulator = AppStore|iPhoneSimulator
		Debug|Any CPU = Debug|Any CPU
		Debug|iPhone = Debug|iPhone
		Debug|iPhoneSimulator = Debug|iPhoneSimulator
		Release_Android|Any CPU = Release_Android|Any CPU
		Release_Android|iPhone = Release_Android|iPhone
		Release_Android|iPhoneSimulator = Release_Android|iPhoneSimulator
		Release_iOS|Any CPU = Release_iOS|Any CPU
		Release_iOS|iPhone = Release_iOS|iPhone
		Release_iOS|iPhoneSimulator = Release_iOS|iPhoneSimulator
		Release_WebApp|Any CPU = Release_WebApp|Any CPU
		Release_WebApp|iPhone = Release_WebApp|iPhone
		Release_WebApp|iPhoneSimulator = Release_WebApp|iPhoneSimulator
		Release|Any CPU = Release|Any CPU
		Release|iPhone = Release|iPhone
		Release|iPhoneSimulator = Release|iPhoneSimulator
	EndGlobalSection
	GlobalSection(ProjectConfigurationPlatforms) = postSolution
		{7403AD28-4573-4157-957B-BB5D8CC73C73}.Ad-Hoc|Any CPU.ActiveCfg = Release|Any CPU
		{7403AD28-4573-4157-957B-BB5D8CC73C73}.Ad-Hoc|Any CPU.Build.0 = Release|Any CPU
		{7403AD28-4573-4157-957B-BB5D8CC73C73}.Ad-Hoc|iPhone.ActiveCfg = Release|Any CPU
		{7403AD28-4573-4157-957B-BB5D8CC73C73}.Ad-Hoc|iPhone.Build.0 = Release|Any CPU
		{7403AD28-4573-4157-957B-BB5D8CC73C73}.Ad-Hoc|iPhoneSimulator.ActiveCfg = Release|Any CPU
		{7403AD28-4573-4157-957B-BB5D8CC73C73}.Ad-Hoc|iPhoneSimulator.Build.0 = Release|Any CPU
		{7403AD28-4573-4157-957B-BB5D8CC73C73}.AppStore|Any CPU.ActiveCfg = Release|Any CPU
		{7403AD28-4573-4157-957B-BB5D8CC73C73}.AppStore|Any CPU.Build.0 = Release|Any CPU
		{7403AD28-4573-4157-957B-BB5D8CC73C73}.AppStore|iPhone.ActiveCfg = Release|Any CPU
		{7403AD28-4573-4157-957B-BB5D8CC73C73}.AppStore|iPhone.Build.0 = Release|Any CPU
		{7403AD28-4573-4157-957B-BB5D8CC73C73}.AppStore|iPhoneSimulator.ActiveCfg = Release|Any CPU
		{7403AD28-4573-4157-957B-BB5D8CC73C73}.AppStore|iPhoneSimulator.Build.0 = Release|Any CPU
		{7403AD28-4573-4157-957B-BB5D8CC73C73}.Debug|Any CPU.ActiveCfg = Debug|Any CPU
		{7403AD28-4573-4157-957B-BB5D8CC73C73}.Debug|Any CPU.Build.0 = Debug|Any CPU
		{7403AD28-4573-4157-957B-BB5D8CC73C73}.Debug|iPhone.ActiveCfg = Debug|Any CPU
		{7403AD28-4573-4157-957B-BB5D8CC73C73}.Debug|iPhone.Build.0 = Debug|Any CPU
		{7403AD28-4573-4157-957B-BB5D8CC73C73}.Debug|iPhoneSimulator.ActiveCfg = Debug|Any CPU
		{7403AD28-4573-4157-957B-BB5D8CC73C73}.Debug|iPhoneSimulator.Build.0 = Debug|Any CPU
		{7403AD28-4573-4157-957B-BB5D8CC73C73}.Release_Android|Any CPU.ActiveCfg = Release|Any CPU
		{7403AD28-4573-4157-957B-BB5D8CC73C73}.Release_Android|iPhone.ActiveCfg = Release|Any CPU
		{7403AD28-4573-4157-957B-BB5D8CC73C73}.Release_Android|iPhone.Build.0 = Release|Any CPU
		{7403AD28-4573-4157-957B-BB5D8CC73C73}.Release_Android|iPhoneSimulator.ActiveCfg = Release|Any CPU
		{7403AD28-4573-4157-957B-BB5D8CC73C73}.Release_Android|iPhoneSimulator.Build.0 = Release|Any CPU
		{7403AD28-4573-4157-957B-BB5D8CC73C73}.Release_iOS|Any CPU.ActiveCfg = Release|Any CPU
		{7403AD28-4573-4157-957B-BB5D8CC73C73}.Release_iOS|iPhone.ActiveCfg = Release|Any CPU
		{7403AD28-4573-4157-957B-BB5D8CC73C73}.Release_iOS|iPhone.Build.0 = Release|Any CPU
		{7403AD28-4573-4157-957B-BB5D8CC73C73}.Release_iOS|iPhoneSimulator.ActiveCfg = Release|Any CPU
		{7403AD28-4573-4157-957B-BB5D8CC73C73}.Release_iOS|iPhoneSimulator.Build.0 = Release|Any CPU
		{7403AD28-4573-4157-957B-BB5D8CC73C73}.Release_WebApp|Any CPU.ActiveCfg = Release|Any CPU
		{7403AD28-4573-4157-957B-BB5D8CC73C73}.Release_WebApp|Any CPU.Build.0 = Release|Any CPU
		{7403AD28-4573-4157-957B-BB5D8CC73C73}.Release_WebApp|iPhone.ActiveCfg = Release|Any CPU
		{7403AD28-4573-4157-957B-BB5D8CC73C73}.Release_WebApp|iPhoneSimulator.ActiveCfg = Release|Any CPU
		{7403AD28-4573-4157-957B-BB5D8CC73C73}.Release|Any CPU.ActiveCfg = Release|Any CPU
		{7403AD28-4573-4157-957B-BB5D8CC73C73}.Release|Any CPU.Build.0 = Release|Any CPU
		{7403AD28-4573-4157-957B-BB5D8CC73C73}.Release|iPhone.ActiveCfg = Release|Any CPU
		{7403AD28-4573-4157-957B-BB5D8CC73C73}.Release|iPhone.Build.0 = Release|Any CPU
		{7403AD28-4573-4157-957B-BB5D8CC73C73}.Release|iPhoneSimulator.ActiveCfg = Release|Any CPU
		{7403AD28-4573-4157-957B-BB5D8CC73C73}.Release|iPhoneSimulator.Build.0 = Release|Any CPU
		{BC4049FC-8316-49AC-B739-19650EA1DDF6}.Ad-Hoc|Any CPU.ActiveCfg = Release|Any CPU
		{BC4049FC-8316-49AC-B739-19650EA1DDF6}.Ad-Hoc|Any CPU.Build.0 = Release|Any CPU
		{BC4049FC-8316-49AC-B739-19650EA1DDF6}.Ad-Hoc|iPhone.ActiveCfg = Release|Any CPU
		{BC4049FC-8316-49AC-B739-19650EA1DDF6}.Ad-Hoc|iPhone.Build.0 = Release|Any CPU
		{BC4049FC-8316-49AC-B739-19650EA1DDF6}.Ad-Hoc|iPhoneSimulator.ActiveCfg = Release|Any CPU
		{BC4049FC-8316-49AC-B739-19650EA1DDF6}.Ad-Hoc|iPhoneSimulator.Build.0 = Release|Any CPU
		{BC4049FC-8316-49AC-B739-19650EA1DDF6}.AppStore|Any CPU.ActiveCfg = Release|Any CPU
		{BC4049FC-8316-49AC-B739-19650EA1DDF6}.AppStore|Any CPU.Build.0 = Release|Any CPU
		{BC4049FC-8316-49AC-B739-19650EA1DDF6}.AppStore|iPhone.ActiveCfg = Release|Any CPU
		{BC4049FC-8316-49AC-B739-19650EA1DDF6}.AppStore|iPhone.Build.0 = Release|Any CPU
		{BC4049FC-8316-49AC-B739-19650EA1DDF6}.AppStore|iPhoneSimulator.ActiveCfg = Release|Any CPU
		{BC4049FC-8316-49AC-B739-19650EA1DDF6}.AppStore|iPhoneSimulator.Build.0 = Release|Any CPU
		{BC4049FC-8316-49AC-B739-19650EA1DDF6}.Debug|Any CPU.ActiveCfg = Debug|Any CPU
		{BC4049FC-8316-49AC-B739-19650EA1DDF6}.Debug|Any CPU.Build.0 = Debug|Any CPU
		{BC4049FC-8316-49AC-B739-19650EA1DDF6}.Debug|iPhone.ActiveCfg = Debug|Any CPU
		{BC4049FC-8316-49AC-B739-19650EA1DDF6}.Debug|iPhone.Build.0 = Debug|Any CPU
		{BC4049FC-8316-49AC-B739-19650EA1DDF6}.Debug|iPhoneSimulator.ActiveCfg = Debug|Any CPU
		{BC4049FC-8316-49AC-B739-19650EA1DDF6}.Debug|iPhoneSimulator.Build.0 = Debug|Any CPU
		{BC4049FC-8316-49AC-B739-19650EA1DDF6}.Release_Android|Any CPU.ActiveCfg = Release|Any CPU
		{BC4049FC-8316-49AC-B739-19650EA1DDF6}.Release_Android|Any CPU.Build.0 = Release|Any CPU
		{BC4049FC-8316-49AC-B739-19650EA1DDF6}.Release_Android|iPhone.ActiveCfg = Release|Any CPU
		{BC4049FC-8316-49AC-B739-19650EA1DDF6}.Release_Android|iPhone.Build.0 = Release|Any CPU
		{BC4049FC-8316-49AC-B739-19650EA1DDF6}.Release_Android|iPhoneSimulator.ActiveCfg = Release|Any CPU
		{BC4049FC-8316-49AC-B739-19650EA1DDF6}.Release_Android|iPhoneSimulator.Build.0 = Release|Any CPU
		{BC4049FC-8316-49AC-B739-19650EA1DDF6}.Release_iOS|Any CPU.ActiveCfg = Release|Any CPU
		{BC4049FC-8316-49AC-B739-19650EA1DDF6}.Release_iOS|Any CPU.Build.0 = Release|Any CPU
		{BC4049FC-8316-49AC-B739-19650EA1DDF6}.Release_iOS|iPhone.ActiveCfg = Release|Any CPU
		{BC4049FC-8316-49AC-B739-19650EA1DDF6}.Release_iOS|iPhone.Build.0 = Release|Any CPU
		{BC4049FC-8316-49AC-B739-19650EA1DDF6}.Release_iOS|iPhoneSimulator.ActiveCfg = Release|Any CPU
		{BC4049FC-8316-49AC-B739-19650EA1DDF6}.Release_iOS|iPhoneSimulator.Build.0 = Release|Any CPU
		{BC4049FC-8316-49AC-B739-19650EA1DDF6}.Release_WebApp|Any CPU.ActiveCfg = Release|Any CPU
		{BC4049FC-8316-49AC-B739-19650EA1DDF6}.Release_WebApp|Any CPU.Build.0 = Release|Any CPU
		{BC4049FC-8316-49AC-B739-19650EA1DDF6}.Release_WebApp|iPhone.ActiveCfg = Release|Any CPU
		{BC4049FC-8316-49AC-B739-19650EA1DDF6}.Release_WebApp|iPhoneSimulator.ActiveCfg = Release|Any CPU
		{BC4049FC-8316-49AC-B739-19650EA1DDF6}.Release|Any CPU.ActiveCfg = Release|Any CPU
		{BC4049FC-8316-49AC-B739-19650EA1DDF6}.Release|Any CPU.Build.0 = Release|Any CPU
		{BC4049FC-8316-49AC-B739-19650EA1DDF6}.Release|iPhone.ActiveCfg = Release|Any CPU
		{BC4049FC-8316-49AC-B739-19650EA1DDF6}.Release|iPhone.Build.0 = Release|Any CPU
		{BC4049FC-8316-49AC-B739-19650EA1DDF6}.Release|iPhoneSimulator.ActiveCfg = Release|Any CPU
		{BC4049FC-8316-49AC-B739-19650EA1DDF6}.Release|iPhoneSimulator.Build.0 = Release|Any CPU
		{FC1418F4-DA1B-4EAF-A1BB-2F072DC17E36}.Ad-Hoc|Any CPU.ActiveCfg = Release|Any CPU
		{FC1418F4-DA1B-4EAF-A1BB-2F072DC17E36}.Ad-Hoc|Any CPU.Build.0 = Release|Any CPU
		{FC1418F4-DA1B-4EAF-A1BB-2F072DC17E36}.Ad-Hoc|iPhone.ActiveCfg = Release|Any CPU
		{FC1418F4-DA1B-4EAF-A1BB-2F072DC17E36}.Ad-Hoc|iPhone.Build.0 = Release|Any CPU
		{FC1418F4-DA1B-4EAF-A1BB-2F072DC17E36}.Ad-Hoc|iPhoneSimulator.ActiveCfg = Release|Any CPU
		{FC1418F4-DA1B-4EAF-A1BB-2F072DC17E36}.Ad-Hoc|iPhoneSimulator.Build.0 = Release|Any CPU
		{FC1418F4-DA1B-4EAF-A1BB-2F072DC17E36}.AppStore|Any CPU.ActiveCfg = Release|Any CPU
		{FC1418F4-DA1B-4EAF-A1BB-2F072DC17E36}.AppStore|Any CPU.Build.0 = Release|Any CPU
		{FC1418F4-DA1B-4EAF-A1BB-2F072DC17E36}.AppStore|iPhone.ActiveCfg = Release|Any CPU
		{FC1418F4-DA1B-4EAF-A1BB-2F072DC17E36}.AppStore|iPhone.Build.0 = Release|Any CPU
		{FC1418F4-DA1B-4EAF-A1BB-2F072DC17E36}.AppStore|iPhoneSimulator.ActiveCfg = Release|Any CPU
		{FC1418F4-DA1B-4EAF-A1BB-2F072DC17E36}.AppStore|iPhoneSimulator.Build.0 = Release|Any CPU
		{FC1418F4-DA1B-4EAF-A1BB-2F072DC17E36}.Debug|Any CPU.ActiveCfg = Debug|Any CPU
		{FC1418F4-DA1B-4EAF-A1BB-2F072DC17E36}.Debug|Any CPU.Build.0 = Debug|Any CPU
		{FC1418F4-DA1B-4EAF-A1BB-2F072DC17E36}.Debug|iPhone.ActiveCfg = Debug|Any CPU
		{FC1418F4-DA1B-4EAF-A1BB-2F072DC17E36}.Debug|iPhone.Build.0 = Debug|Any CPU
		{FC1418F4-DA1B-4EAF-A1BB-2F072DC17E36}.Debug|iPhoneSimulator.ActiveCfg = Debug|Any CPU
		{FC1418F4-DA1B-4EAF-A1BB-2F072DC17E36}.Debug|iPhoneSimulator.Build.0 = Debug|Any CPU
		{FC1418F4-DA1B-4EAF-A1BB-2F072DC17E36}.Release_Android|Any CPU.ActiveCfg = Release|Any CPU
		{FC1418F4-DA1B-4EAF-A1BB-2F072DC17E36}.Release_Android|Any CPU.Build.0 = Release|Any CPU
		{FC1418F4-DA1B-4EAF-A1BB-2F072DC17E36}.Release_Android|iPhone.ActiveCfg = Release|Any CPU
		{FC1418F4-DA1B-4EAF-A1BB-2F072DC17E36}.Release_Android|iPhone.Build.0 = Release|Any CPU
		{FC1418F4-DA1B-4EAF-A1BB-2F072DC17E36}.Release_Android|iPhoneSimulator.ActiveCfg = Release|Any CPU
		{FC1418F4-DA1B-4EAF-A1BB-2F072DC17E36}.Release_Android|iPhoneSimulator.Build.0 = Release|Any CPU
		{FC1418F4-DA1B-4EAF-A1BB-2F072DC17E36}.Release_iOS|Any CPU.ActiveCfg = Release|Any CPU
		{FC1418F4-DA1B-4EAF-A1BB-2F072DC17E36}.Release_iOS|Any CPU.Build.0 = Release|Any CPU
		{FC1418F4-DA1B-4EAF-A1BB-2F072DC17E36}.Release_iOS|iPhone.ActiveCfg = Release|Any CPU
		{FC1418F4-DA1B-4EAF-A1BB-2F072DC17E36}.Release_iOS|iPhone.Build.0 = Release|Any CPU
		{FC1418F4-DA1B-4EAF-A1BB-2F072DC17E36}.Release_iOS|iPhoneSimulator.ActiveCfg = Release|Any CPU
		{FC1418F4-DA1B-4EAF-A1BB-2F072DC17E36}.Release_iOS|iPhoneSimulator.Build.0 = Release|Any CPU
		{FC1418F4-DA1B-4EAF-A1BB-2F072DC17E36}.Release_WebApp|Any CPU.ActiveCfg = Release|Any CPU
		{FC1418F4-DA1B-4EAF-A1BB-2F072DC17E36}.Release_WebApp|Any CPU.Build.0 = Release|Any CPU
		{FC1418F4-DA1B-4EAF-A1BB-2F072DC17E36}.Release_WebApp|iPhone.ActiveCfg = Release_WebApp|Any CPU
		{FC1418F4-DA1B-4EAF-A1BB-2F072DC17E36}.Release_WebApp|iPhone.Build.0 = Release_WebApp|Any CPU
		{FC1418F4-DA1B-4EAF-A1BB-2F072DC17E36}.Release_WebApp|iPhoneSimulator.ActiveCfg = Release_WebApp|Any CPU
		{FC1418F4-DA1B-4EAF-A1BB-2F072DC17E36}.Release_WebApp|iPhoneSimulator.Build.0 = Release_WebApp|Any CPU
		{FC1418F4-DA1B-4EAF-A1BB-2F072DC17E36}.Release|Any CPU.ActiveCfg = Release|Any CPU
		{FC1418F4-DA1B-4EAF-A1BB-2F072DC17E36}.Release|Any CPU.Build.0 = Release|Any CPU
		{FC1418F4-DA1B-4EAF-A1BB-2F072DC17E36}.Release|iPhone.ActiveCfg = Release|Any CPU
		{FC1418F4-DA1B-4EAF-A1BB-2F072DC17E36}.Release|iPhone.Build.0 = Release|Any CPU
		{FC1418F4-DA1B-4EAF-A1BB-2F072DC17E36}.Release|iPhoneSimulator.ActiveCfg = Release|Any CPU
		{FC1418F4-DA1B-4EAF-A1BB-2F072DC17E36}.Release|iPhoneSimulator.Build.0 = Release|Any CPU
		{6D1C9A51-352E-404F-830E-28D585D14F1C}.Ad-Hoc|Any CPU.ActiveCfg = Debug|Any CPU
		{6D1C9A51-352E-404F-830E-28D585D14F1C}.Ad-Hoc|Any CPU.Build.0 = Debug|Any CPU
		{6D1C9A51-352E-404F-830E-28D585D14F1C}.Ad-Hoc|iPhone.ActiveCfg = Debug|Any CPU
		{6D1C9A51-352E-404F-830E-28D585D14F1C}.Ad-Hoc|iPhone.Build.0 = Debug|Any CPU
		{6D1C9A51-352E-404F-830E-28D585D14F1C}.Ad-Hoc|iPhoneSimulator.ActiveCfg = Debug|Any CPU
		{6D1C9A51-352E-404F-830E-28D585D14F1C}.Ad-Hoc|iPhoneSimulator.Build.0 = Debug|Any CPU
		{6D1C9A51-352E-404F-830E-28D585D14F1C}.AppStore|Any CPU.ActiveCfg = Debug|Any CPU
		{6D1C9A51-352E-404F-830E-28D585D14F1C}.AppStore|Any CPU.Build.0 = Debug|Any CPU
		{6D1C9A51-352E-404F-830E-28D585D14F1C}.AppStore|iPhone.ActiveCfg = Debug|Any CPU
		{6D1C9A51-352E-404F-830E-28D585D14F1C}.AppStore|iPhone.Build.0 = Debug|Any CPU
		{6D1C9A51-352E-404F-830E-28D585D14F1C}.AppStore|iPhoneSimulator.ActiveCfg = Debug|Any CPU
		{6D1C9A51-352E-404F-830E-28D585D14F1C}.AppStore|iPhoneSimulator.Build.0 = Debug|Any CPU
		{6D1C9A51-352E-404F-830E-28D585D14F1C}.Debug|Any CPU.ActiveCfg = Debug|Any CPU
		{6D1C9A51-352E-404F-830E-28D585D14F1C}.Debug|iPhone.ActiveCfg = Debug|Any CPU
		{6D1C9A51-352E-404F-830E-28D585D14F1C}.Debug|iPhone.Build.0 = Debug|Any CPU
		{6D1C9A51-352E-404F-830E-28D585D14F1C}.Debug|iPhoneSimulator.ActiveCfg = Debug|Any CPU
		{6D1C9A51-352E-404F-830E-28D585D14F1C}.Debug|iPhoneSimulator.Build.0 = Debug|Any CPU
		{6D1C9A51-352E-404F-830E-28D585D14F1C}.Release_Android|Any CPU.ActiveCfg = Release|Any CPU
		{6D1C9A51-352E-404F-830E-28D585D14F1C}.Release_Android|Any CPU.Build.0 = Release|Any CPU
		{6D1C9A51-352E-404F-830E-28D585D14F1C}.Release_Android|iPhone.ActiveCfg = Release|Any CPU
		{6D1C9A51-352E-404F-830E-28D585D14F1C}.Release_Android|iPhone.Build.0 = Release|Any CPU
		{6D1C9A51-352E-404F-830E-28D585D14F1C}.Release_Android|iPhoneSimulator.ActiveCfg = Release|Any CPU
		{6D1C9A51-352E-404F-830E-28D585D14F1C}.Release_Android|iPhoneSimulator.Build.0 = Release|Any CPU
		{6D1C9A51-352E-404F-830E-28D585D14F1C}.Release_iOS|Any CPU.ActiveCfg = Release|Any CPU
		{6D1C9A51-352E-404F-830E-28D585D14F1C}.Release_iOS|Any CPU.Build.0 = Release|Any CPU
		{6D1C9A51-352E-404F-830E-28D585D14F1C}.Release_iOS|iPhone.ActiveCfg = Release|Any CPU
		{6D1C9A51-352E-404F-830E-28D585D14F1C}.Release_iOS|iPhone.Build.0 = Release|Any CPU
		{6D1C9A51-352E-404F-830E-28D585D14F1C}.Release_iOS|iPhoneSimulator.ActiveCfg = Release|Any CPU
		{6D1C9A51-352E-404F-830E-28D585D14F1C}.Release_iOS|iPhoneSimulator.Build.0 = Release|Any CPU
		{6D1C9A51-352E-404F-830E-28D585D14F1C}.Release_WebApp|Any CPU.ActiveCfg = Release|Any CPU
		{6D1C9A51-352E-404F-830E-28D585D14F1C}.Release_WebApp|iPhone.ActiveCfg = Release|Any CPU
		{6D1C9A51-352E-404F-830E-28D585D14F1C}.Release_WebApp|iPhoneSimulator.ActiveCfg = Release|Any CPU
		{6D1C9A51-352E-404F-830E-28D585D14F1C}.Release|Any CPU.ActiveCfg = Release|Any CPU
		{6D1C9A51-352E-404F-830E-28D585D14F1C}.Release|Any CPU.Build.0 = Release|Any CPU
		{6D1C9A51-352E-404F-830E-28D585D14F1C}.Release|iPhone.ActiveCfg = Release|Any CPU
		{6D1C9A51-352E-404F-830E-28D585D14F1C}.Release|iPhone.Build.0 = Release|Any CPU
		{6D1C9A51-352E-404F-830E-28D585D14F1C}.Release|iPhoneSimulator.ActiveCfg = Release|Any CPU
		{6D1C9A51-352E-404F-830E-28D585D14F1C}.Release|iPhoneSimulator.Build.0 = Release|Any CPU
		{6D77F54A-D18D-4CB2-96E9-EC909D97B77E}.Ad-Hoc|Any CPU.ActiveCfg = Release|Any CPU
		{6D77F54A-D18D-4CB2-96E9-EC909D97B77E}.Ad-Hoc|Any CPU.Build.0 = Release|Any CPU
		{6D77F54A-D18D-4CB2-96E9-EC909D97B77E}.Ad-Hoc|Any CPU.Deploy.0 = Release|Any CPU
		{6D77F54A-D18D-4CB2-96E9-EC909D97B77E}.Ad-Hoc|iPhone.ActiveCfg = Release|Any CPU
		{6D77F54A-D18D-4CB2-96E9-EC909D97B77E}.Ad-Hoc|iPhone.Build.0 = Release|Any CPU
		{6D77F54A-D18D-4CB2-96E9-EC909D97B77E}.Ad-Hoc|iPhone.Deploy.0 = Release|Any CPU
		{6D77F54A-D18D-4CB2-96E9-EC909D97B77E}.Ad-Hoc|iPhoneSimulator.ActiveCfg = Release|Any CPU
		{6D77F54A-D18D-4CB2-96E9-EC909D97B77E}.Ad-Hoc|iPhoneSimulator.Build.0 = Release|Any CPU
		{6D77F54A-D18D-4CB2-96E9-EC909D97B77E}.Ad-Hoc|iPhoneSimulator.Deploy.0 = Release|Any CPU
		{6D77F54A-D18D-4CB2-96E9-EC909D97B77E}.AppStore|Any CPU.ActiveCfg = Release|Any CPU
		{6D77F54A-D18D-4CB2-96E9-EC909D97B77E}.AppStore|Any CPU.Build.0 = Release|Any CPU
		{6D77F54A-D18D-4CB2-96E9-EC909D97B77E}.AppStore|Any CPU.Deploy.0 = Release|Any CPU
		{6D77F54A-D18D-4CB2-96E9-EC909D97B77E}.AppStore|iPhone.ActiveCfg = Release|Any CPU
		{6D77F54A-D18D-4CB2-96E9-EC909D97B77E}.AppStore|iPhone.Build.0 = Release|Any CPU
		{6D77F54A-D18D-4CB2-96E9-EC909D97B77E}.AppStore|iPhone.Deploy.0 = Release|Any CPU
		{6D77F54A-D18D-4CB2-96E9-EC909D97B77E}.AppStore|iPhoneSimulator.ActiveCfg = Release|Any CPU
		{6D77F54A-D18D-4CB2-96E9-EC909D97B77E}.AppStore|iPhoneSimulator.Build.0 = Release|Any CPU
		{6D77F54A-D18D-4CB2-96E9-EC909D97B77E}.AppStore|iPhoneSimulator.Deploy.0 = Release|Any CPU
		{6D77F54A-D18D-4CB2-96E9-EC909D97B77E}.Debug|Any CPU.ActiveCfg = Debug|Any CPU
		{6D77F54A-D18D-4CB2-96E9-EC909D97B77E}.Debug|Any CPU.Build.0 = Debug|Any CPU
		{6D77F54A-D18D-4CB2-96E9-EC909D97B77E}.Debug|Any CPU.Deploy.0 = Debug|Any CPU
		{6D77F54A-D18D-4CB2-96E9-EC909D97B77E}.Debug|iPhone.ActiveCfg = Debug|Any CPU
		{6D77F54A-D18D-4CB2-96E9-EC909D97B77E}.Debug|iPhone.Build.0 = Debug|Any CPU
		{6D77F54A-D18D-4CB2-96E9-EC909D97B77E}.Debug|iPhone.Deploy.0 = Debug|Any CPU
		{6D77F54A-D18D-4CB2-96E9-EC909D97B77E}.Debug|iPhoneSimulator.ActiveCfg = Debug|Any CPU
		{6D77F54A-D18D-4CB2-96E9-EC909D97B77E}.Debug|iPhoneSimulator.Build.0 = Debug|Any CPU
		{6D77F54A-D18D-4CB2-96E9-EC909D97B77E}.Debug|iPhoneSimulator.Deploy.0 = Debug|Any CPU
		{6D77F54A-D18D-4CB2-96E9-EC909D97B77E}.Release_Android|Any CPU.ActiveCfg = Release|Any CPU
		{6D77F54A-D18D-4CB2-96E9-EC909D97B77E}.Release_Android|Any CPU.Build.0 = Release|Any CPU
		{6D77F54A-D18D-4CB2-96E9-EC909D97B77E}.Release_Android|iPhone.ActiveCfg = Release|Any CPU
		{6D77F54A-D18D-4CB2-96E9-EC909D97B77E}.Release_Android|iPhone.Build.0 = Release|Any CPU
		{6D77F54A-D18D-4CB2-96E9-EC909D97B77E}.Release_Android|iPhone.Deploy.0 = Release|Any CPU
		{6D77F54A-D18D-4CB2-96E9-EC909D97B77E}.Release_Android|iPhoneSimulator.ActiveCfg = Release|Any CPU
		{6D77F54A-D18D-4CB2-96E9-EC909D97B77E}.Release_Android|iPhoneSimulator.Build.0 = Release|Any CPU
		{6D77F54A-D18D-4CB2-96E9-EC909D97B77E}.Release_Android|iPhoneSimulator.Deploy.0 = Release|Any CPU
		{6D77F54A-D18D-4CB2-96E9-EC909D97B77E}.Release_iOS|Any CPU.ActiveCfg = Release|Any CPU
		{6D77F54A-D18D-4CB2-96E9-EC909D97B77E}.Release_iOS|iPhone.ActiveCfg = Release|Any CPU
		{6D77F54A-D18D-4CB2-96E9-EC909D97B77E}.Release_iOS|iPhone.Build.0 = Release|Any CPU
		{6D77F54A-D18D-4CB2-96E9-EC909D97B77E}.Release_iOS|iPhone.Deploy.0 = Release|Any CPU
		{6D77F54A-D18D-4CB2-96E9-EC909D97B77E}.Release_iOS|iPhoneSimulator.ActiveCfg = Release|Any CPU
		{6D77F54A-D18D-4CB2-96E9-EC909D97B77E}.Release_iOS|iPhoneSimulator.Build.0 = Release|Any CPU
		{6D77F54A-D18D-4CB2-96E9-EC909D97B77E}.Release_iOS|iPhoneSimulator.Deploy.0 = Release|Any CPU
		{6D77F54A-D18D-4CB2-96E9-EC909D97B77E}.Release_WebApp|Any CPU.ActiveCfg = Release|Any CPU
		{6D77F54A-D18D-4CB2-96E9-EC909D97B77E}.Release_WebApp|iPhone.ActiveCfg = Release|Any CPU
		{6D77F54A-D18D-4CB2-96E9-EC909D97B77E}.Release_WebApp|iPhoneSimulator.ActiveCfg = Release|Any CPU
		{6D77F54A-D18D-4CB2-96E9-EC909D97B77E}.Release|Any CPU.ActiveCfg = Release|Any CPU
		{6D77F54A-D18D-4CB2-96E9-EC909D97B77E}.Release|Any CPU.Build.0 = Release|Any CPU
		{6D77F54A-D18D-4CB2-96E9-EC909D97B77E}.Release|Any CPU.Deploy.0 = Release|Any CPU
		{6D77F54A-D18D-4CB2-96E9-EC909D97B77E}.Release|iPhone.ActiveCfg = Release|Any CPU
		{6D77F54A-D18D-4CB2-96E9-EC909D97B77E}.Release|iPhone.Build.0 = Release|Any CPU
		{6D77F54A-D18D-4CB2-96E9-EC909D97B77E}.Release|iPhone.Deploy.0 = Release|Any CPU
		{6D77F54A-D18D-4CB2-96E9-EC909D97B77E}.Release|iPhoneSimulator.ActiveCfg = Release|Any CPU
		{6D77F54A-D18D-4CB2-96E9-EC909D97B77E}.Release|iPhoneSimulator.Build.0 = Release|Any CPU
		{6D77F54A-D18D-4CB2-96E9-EC909D97B77E}.Release|iPhoneSimulator.Deploy.0 = Release|Any CPU
		{C28131E6-DAB8-4C12-A466-72F25C6E7C04}.Ad-Hoc|Any CPU.ActiveCfg = Release|Any CPU
		{C28131E6-DAB8-4C12-A466-72F25C6E7C04}.Ad-Hoc|Any CPU.Build.0 = Release|Any CPU
		{C28131E6-DAB8-4C12-A466-72F25C6E7C04}.Ad-Hoc|iPhone.ActiveCfg = Release|Any CPU
		{C28131E6-DAB8-4C12-A466-72F25C6E7C04}.Ad-Hoc|iPhone.Build.0 = Release|Any CPU
		{C28131E6-DAB8-4C12-A466-72F25C6E7C04}.Ad-Hoc|iPhoneSimulator.ActiveCfg = Release|Any CPU
		{C28131E6-DAB8-4C12-A466-72F25C6E7C04}.Ad-Hoc|iPhoneSimulator.Build.0 = Release|Any CPU
		{C28131E6-DAB8-4C12-A466-72F25C6E7C04}.AppStore|Any CPU.ActiveCfg = Release|Any CPU
		{C28131E6-DAB8-4C12-A466-72F25C6E7C04}.AppStore|Any CPU.Build.0 = Release|Any CPU
		{C28131E6-DAB8-4C12-A466-72F25C6E7C04}.AppStore|iPhone.ActiveCfg = Release|Any CPU
		{C28131E6-DAB8-4C12-A466-72F25C6E7C04}.AppStore|iPhone.Build.0 = Release|Any CPU
		{C28131E6-DAB8-4C12-A466-72F25C6E7C04}.AppStore|iPhoneSimulator.ActiveCfg = Release|Any CPU
		{C28131E6-DAB8-4C12-A466-72F25C6E7C04}.AppStore|iPhoneSimulator.Build.0 = Release|Any CPU
		{C28131E6-DAB8-4C12-A466-72F25C6E7C04}.Debug|Any CPU.ActiveCfg = Debug|Any CPU
		{C28131E6-DAB8-4C12-A466-72F25C6E7C04}.Debug|Any CPU.Build.0 = Debug|Any CPU
		{C28131E6-DAB8-4C12-A466-72F25C6E7C04}.Debug|iPhone.ActiveCfg = Debug|Any CPU
		{C28131E6-DAB8-4C12-A466-72F25C6E7C04}.Debug|iPhone.Build.0 = Debug|Any CPU
		{C28131E6-DAB8-4C12-A466-72F25C6E7C04}.Debug|iPhoneSimulator.ActiveCfg = Debug|Any CPU
		{C28131E6-DAB8-4C12-A466-72F25C6E7C04}.Debug|iPhoneSimulator.Build.0 = Debug|Any CPU
		{C28131E6-DAB8-4C12-A466-72F25C6E7C04}.Release_Android|Any CPU.ActiveCfg = Release|Any CPU
		{C28131E6-DAB8-4C12-A466-72F25C6E7C04}.Release_Android|iPhone.ActiveCfg = Release|Any CPU
		{C28131E6-DAB8-4C12-A466-72F25C6E7C04}.Release_Android|iPhone.Build.0 = Release|Any CPU
		{C28131E6-DAB8-4C12-A466-72F25C6E7C04}.Release_Android|iPhoneSimulator.ActiveCfg = Release|Any CPU
		{C28131E6-DAB8-4C12-A466-72F25C6E7C04}.Release_Android|iPhoneSimulator.Build.0 = Release|Any CPU
		{C28131E6-DAB8-4C12-A466-72F25C6E7C04}.Release_iOS|Any CPU.ActiveCfg = Release|Any CPU
		{C28131E6-DAB8-4C12-A466-72F25C6E7C04}.Release_iOS|iPhone.ActiveCfg = Release|Any CPU
		{C28131E6-DAB8-4C12-A466-72F25C6E7C04}.Release_iOS|iPhone.Build.0 = Release|Any CPU
		{C28131E6-DAB8-4C12-A466-72F25C6E7C04}.Release_iOS|iPhoneSimulator.ActiveCfg = Release|Any CPU
		{C28131E6-DAB8-4C12-A466-72F25C6E7C04}.Release_iOS|iPhoneSimulator.Build.0 = Release|Any CPU
		{C28131E6-DAB8-4C12-A466-72F25C6E7C04}.Release_WebApp|Any CPU.ActiveCfg = Release|Any CPU
		{C28131E6-DAB8-4C12-A466-72F25C6E7C04}.Release_WebApp|Any CPU.Build.0 = Release|Any CPU
		{C28131E6-DAB8-4C12-A466-72F25C6E7C04}.Release_WebApp|iPhone.ActiveCfg = Release|Any CPU
		{C28131E6-DAB8-4C12-A466-72F25C6E7C04}.Release_WebApp|iPhoneSimulator.ActiveCfg = Release|Any CPU
		{C28131E6-DAB8-4C12-A466-72F25C6E7C04}.Release|Any CPU.ActiveCfg = Release|Any CPU
		{C28131E6-DAB8-4C12-A466-72F25C6E7C04}.Release|Any CPU.Build.0 = Release|Any CPU
		{C28131E6-DAB8-4C12-A466-72F25C6E7C04}.Release|iPhone.ActiveCfg = Release|Any CPU
		{C28131E6-DAB8-4C12-A466-72F25C6E7C04}.Release|iPhone.Build.0 = Release|Any CPU
		{C28131E6-DAB8-4C12-A466-72F25C6E7C04}.Release|iPhoneSimulator.ActiveCfg = Release|Any CPU
		{C28131E6-DAB8-4C12-A466-72F25C6E7C04}.Release|iPhoneSimulator.Build.0 = Release|Any CPU
		{D872971B-6ACA-42A0-AB42-6AB276EE464C}.Ad-Hoc|Any CPU.ActiveCfg = Release|Any CPU
		{D872971B-6ACA-42A0-AB42-6AB276EE464C}.Ad-Hoc|Any CPU.Build.0 = Release|Any CPU
		{D872971B-6ACA-42A0-AB42-6AB276EE464C}.Ad-Hoc|iPhone.ActiveCfg = Release|Any CPU
		{D872971B-6ACA-42A0-AB42-6AB276EE464C}.Ad-Hoc|iPhone.Build.0 = Release|Any CPU
		{D872971B-6ACA-42A0-AB42-6AB276EE464C}.Ad-Hoc|iPhoneSimulator.ActiveCfg = Release|Any CPU
		{D872971B-6ACA-42A0-AB42-6AB276EE464C}.Ad-Hoc|iPhoneSimulator.Build.0 = Release|Any CPU
		{D872971B-6ACA-42A0-AB42-6AB276EE464C}.AppStore|Any CPU.ActiveCfg = Release|Any CPU
		{D872971B-6ACA-42A0-AB42-6AB276EE464C}.AppStore|Any CPU.Build.0 = Release|Any CPU
		{D872971B-6ACA-42A0-AB42-6AB276EE464C}.AppStore|iPhone.ActiveCfg = Release|Any CPU
		{D872971B-6ACA-42A0-AB42-6AB276EE464C}.AppStore|iPhone.Build.0 = Release|Any CPU
		{D872971B-6ACA-42A0-AB42-6AB276EE464C}.AppStore|iPhoneSimulator.ActiveCfg = Release|Any CPU
		{D872971B-6ACA-42A0-AB42-6AB276EE464C}.AppStore|iPhoneSimulator.Build.0 = Release|Any CPU
		{D872971B-6ACA-42A0-AB42-6AB276EE464C}.Debug|Any CPU.ActiveCfg = Debug|Any CPU
		{D872971B-6ACA-42A0-AB42-6AB276EE464C}.Debug|Any CPU.Build.0 = Debug|Any CPU
		{D872971B-6ACA-42A0-AB42-6AB276EE464C}.Debug|iPhone.ActiveCfg = Debug|Any CPU
		{D872971B-6ACA-42A0-AB42-6AB276EE464C}.Debug|iPhone.Build.0 = Debug|Any CPU
		{D872971B-6ACA-42A0-AB42-6AB276EE464C}.Debug|iPhoneSimulator.ActiveCfg = Debug|Any CPU
		{D872971B-6ACA-42A0-AB42-6AB276EE464C}.Debug|iPhoneSimulator.Build.0 = Debug|Any CPU
		{D872971B-6ACA-42A0-AB42-6AB276EE464C}.Release_Android|Any CPU.ActiveCfg = Release|Any CPU
		{D872971B-6ACA-42A0-AB42-6AB276EE464C}.Release_Android|iPhone.ActiveCfg = Release|Any CPU
		{D872971B-6ACA-42A0-AB42-6AB276EE464C}.Release_Android|iPhone.Build.0 = Release|Any CPU
		{D872971B-6ACA-42A0-AB42-6AB276EE464C}.Release_Android|iPhoneSimulator.ActiveCfg = Release|Any CPU
		{D872971B-6ACA-42A0-AB42-6AB276EE464C}.Release_Android|iPhoneSimulator.Build.0 = Release|Any CPU
		{D872971B-6ACA-42A0-AB42-6AB276EE464C}.Release_iOS|Any CPU.ActiveCfg = Release|Any CPU
		{D872971B-6ACA-42A0-AB42-6AB276EE464C}.Release_iOS|iPhone.ActiveCfg = Release|Any CPU
		{D872971B-6ACA-42A0-AB42-6AB276EE464C}.Release_iOS|iPhone.Build.0 = Release|Any CPU
		{D872971B-6ACA-42A0-AB42-6AB276EE464C}.Release_iOS|iPhoneSimulator.ActiveCfg = Release|Any CPU
		{D872971B-6ACA-42A0-AB42-6AB276EE464C}.Release_iOS|iPhoneSimulator.Build.0 = Release|Any CPU
		{D872971B-6ACA-42A0-AB42-6AB276EE464C}.Release_WebApp|Any CPU.ActiveCfg = Release|Any CPU
		{D872971B-6ACA-42A0-AB42-6AB276EE464C}.Release_WebApp|Any CPU.Build.0 = Release|Any CPU
		{D872971B-6ACA-42A0-AB42-6AB276EE464C}.Release_WebApp|iPhone.ActiveCfg = Release|Any CPU
		{D872971B-6ACA-42A0-AB42-6AB276EE464C}.Release_WebApp|iPhoneSimulator.ActiveCfg = Release|Any CPU
		{D872971B-6ACA-42A0-AB42-6AB276EE464C}.Release|Any CPU.ActiveCfg = Release|Any CPU
		{D872971B-6ACA-42A0-AB42-6AB276EE464C}.Release|Any CPU.Build.0 = Release|Any CPU
		{D872971B-6ACA-42A0-AB42-6AB276EE464C}.Release|iPhone.ActiveCfg = Release|Any CPU
		{D872971B-6ACA-42A0-AB42-6AB276EE464C}.Release|iPhone.Build.0 = Release|Any CPU
		{D872971B-6ACA-42A0-AB42-6AB276EE464C}.Release|iPhoneSimulator.ActiveCfg = Release|Any CPU
		{D872971B-6ACA-42A0-AB42-6AB276EE464C}.Release|iPhoneSimulator.Build.0 = Release|Any CPU
		{7C8E4490-D4DF-436C-B496-D5162A286BD2}.Ad-Hoc|Any CPU.ActiveCfg = Ad-Hoc|iPhone
		{7C8E4490-D4DF-436C-B496-D5162A286BD2}.Ad-Hoc|iPhone.ActiveCfg = Ad-Hoc|iPhone
		{7C8E4490-D4DF-436C-B496-D5162A286BD2}.Ad-Hoc|iPhone.Build.0 = Ad-Hoc|iPhone
		{7C8E4490-D4DF-436C-B496-D5162A286BD2}.Ad-Hoc|iPhoneSimulator.ActiveCfg = Ad-Hoc|iPhoneSimulator
		{7C8E4490-D4DF-436C-B496-D5162A286BD2}.Ad-Hoc|iPhoneSimulator.Build.0 = Ad-Hoc|iPhoneSimulator
		{7C8E4490-D4DF-436C-B496-D5162A286BD2}.AppStore|Any CPU.ActiveCfg = AppStore|iPhone
		{7C8E4490-D4DF-436C-B496-D5162A286BD2}.AppStore|iPhone.ActiveCfg = AppStore|iPhone
		{7C8E4490-D4DF-436C-B496-D5162A286BD2}.AppStore|iPhone.Build.0 = AppStore|iPhone
		{7C8E4490-D4DF-436C-B496-D5162A286BD2}.AppStore|iPhoneSimulator.ActiveCfg = AppStore|iPhoneSimulator
		{7C8E4490-D4DF-436C-B496-D5162A286BD2}.AppStore|iPhoneSimulator.Build.0 = AppStore|iPhoneSimulator
		{7C8E4490-D4DF-436C-B496-D5162A286BD2}.Debug|Any CPU.ActiveCfg = Debug|iPhone
		{7C8E4490-D4DF-436C-B496-D5162A286BD2}.Debug|Any CPU.Build.0 = Debug|iPhone
		{7C8E4490-D4DF-436C-B496-D5162A286BD2}.Debug|Any CPU.Deploy.0 = Debug|iPhone
		{7C8E4490-D4DF-436C-B496-D5162A286BD2}.Debug|iPhone.ActiveCfg = Debug|iPhone
		{7C8E4490-D4DF-436C-B496-D5162A286BD2}.Debug|iPhone.Build.0 = Debug|iPhone
		{7C8E4490-D4DF-436C-B496-D5162A286BD2}.Debug|iPhone.Deploy.0 = Debug|iPhone
		{7C8E4490-D4DF-436C-B496-D5162A286BD2}.Debug|iPhoneSimulator.ActiveCfg = Debug|iPhoneSimulator
		{7C8E4490-D4DF-436C-B496-D5162A286BD2}.Debug|iPhoneSimulator.Build.0 = Debug|iPhoneSimulator
		{7C8E4490-D4DF-436C-B496-D5162A286BD2}.Release_Android|Any CPU.ActiveCfg = Release|iPhone
		{7C8E4490-D4DF-436C-B496-D5162A286BD2}.Release_Android|iPhone.ActiveCfg = Release|iPhone
		{7C8E4490-D4DF-436C-B496-D5162A286BD2}.Release_Android|iPhone.Build.0 = Release|iPhone
		{7C8E4490-D4DF-436C-B496-D5162A286BD2}.Release_Android|iPhoneSimulator.ActiveCfg = Release|iPhoneSimulator
		{7C8E4490-D4DF-436C-B496-D5162A286BD2}.Release_Android|iPhoneSimulator.Build.0 = Release|iPhoneSimulator
		{7C8E4490-D4DF-436C-B496-D5162A286BD2}.Release_iOS|Any CPU.ActiveCfg = Release|iPhone
		{7C8E4490-D4DF-436C-B496-D5162A286BD2}.Release_iOS|Any CPU.Build.0 = Release|iPhone
		{7C8E4490-D4DF-436C-B496-D5162A286BD2}.Release_iOS|iPhone.ActiveCfg = Release|iPhone
		{7C8E4490-D4DF-436C-B496-D5162A286BD2}.Release_iOS|iPhone.Build.0 = Release|iPhone
		{7C8E4490-D4DF-436C-B496-D5162A286BD2}.Release_iOS|iPhoneSimulator.ActiveCfg = Release|iPhoneSimulator
		{7C8E4490-D4DF-436C-B496-D5162A286BD2}.Release_iOS|iPhoneSimulator.Build.0 = Release|iPhoneSimulator
		{7C8E4490-D4DF-436C-B496-D5162A286BD2}.Release_WebApp|Any CPU.ActiveCfg = Release|iPhoneSimulator
		{7C8E4490-D4DF-436C-B496-D5162A286BD2}.Release_WebApp|iPhone.ActiveCfg = Release|iPhone
		{7C8E4490-D4DF-436C-B496-D5162A286BD2}.Release_WebApp|iPhoneSimulator.ActiveCfg = Release|iPhoneSimulator
		{7C8E4490-D4DF-436C-B496-D5162A286BD2}.Release|Any CPU.ActiveCfg = Release|iPhone
		{7C8E4490-D4DF-436C-B496-D5162A286BD2}.Release|iPhone.ActiveCfg = Release|iPhone
		{7C8E4490-D4DF-436C-B496-D5162A286BD2}.Release|iPhone.Build.0 = Release|iPhone
		{7C8E4490-D4DF-436C-B496-D5162A286BD2}.Release|iPhoneSimulator.ActiveCfg = Release|iPhoneSimulator
		{7C8E4490-D4DF-436C-B496-D5162A286BD2}.Release|iPhoneSimulator.Build.0 = Release|iPhoneSimulator
		{6C0BF621-50EF-4B75-B3DD-BEF6B62ACF98}.Ad-Hoc|Any CPU.ActiveCfg = Debug|Any CPU
		{6C0BF621-50EF-4B75-B3DD-BEF6B62ACF98}.Ad-Hoc|Any CPU.Build.0 = Debug|Any CPU
		{6C0BF621-50EF-4B75-B3DD-BEF6B62ACF98}.Ad-Hoc|iPhone.ActiveCfg = Debug|Any CPU
		{6C0BF621-50EF-4B75-B3DD-BEF6B62ACF98}.Ad-Hoc|iPhone.Build.0 = Debug|Any CPU
		{6C0BF621-50EF-4B75-B3DD-BEF6B62ACF98}.Ad-Hoc|iPhoneSimulator.ActiveCfg = Debug|Any CPU
		{6C0BF621-50EF-4B75-B3DD-BEF6B62ACF98}.Ad-Hoc|iPhoneSimulator.Build.0 = Debug|Any CPU
		{6C0BF621-50EF-4B75-B3DD-BEF6B62ACF98}.AppStore|Any CPU.ActiveCfg = Debug|Any CPU
		{6C0BF621-50EF-4B75-B3DD-BEF6B62ACF98}.AppStore|Any CPU.Build.0 = Debug|Any CPU
		{6C0BF621-50EF-4B75-B3DD-BEF6B62ACF98}.AppStore|iPhone.ActiveCfg = Debug|Any CPU
		{6C0BF621-50EF-4B75-B3DD-BEF6B62ACF98}.AppStore|iPhone.Build.0 = Debug|Any CPU
		{6C0BF621-50EF-4B75-B3DD-BEF6B62ACF98}.AppStore|iPhoneSimulator.ActiveCfg = Debug|Any CPU
		{6C0BF621-50EF-4B75-B3DD-BEF6B62ACF98}.AppStore|iPhoneSimulator.Build.0 = Debug|Any CPU
		{6C0BF621-50EF-4B75-B3DD-BEF6B62ACF98}.Debug|Any CPU.ActiveCfg = Debug|Any CPU
		{6C0BF621-50EF-4B75-B3DD-BEF6B62ACF98}.Debug|Any CPU.Build.0 = Debug|Any CPU
		{6C0BF621-50EF-4B75-B3DD-BEF6B62ACF98}.Debug|iPhone.ActiveCfg = Debug|Any CPU
		{6C0BF621-50EF-4B75-B3DD-BEF6B62ACF98}.Debug|iPhone.Build.0 = Debug|Any CPU
		{6C0BF621-50EF-4B75-B3DD-BEF6B62ACF98}.Debug|iPhoneSimulator.ActiveCfg = Debug|Any CPU
		{6C0BF621-50EF-4B75-B3DD-BEF6B62ACF98}.Debug|iPhoneSimulator.Build.0 = Debug|Any CPU
		{6C0BF621-50EF-4B75-B3DD-BEF6B62ACF98}.Release_Android|Any CPU.ActiveCfg = Release|Any CPU
		{6C0BF621-50EF-4B75-B3DD-BEF6B62ACF98}.Release_Android|Any CPU.Build.0 = Release|Any CPU
		{6C0BF621-50EF-4B75-B3DD-BEF6B62ACF98}.Release_Android|iPhone.ActiveCfg = Release|Any CPU
		{6C0BF621-50EF-4B75-B3DD-BEF6B62ACF98}.Release_Android|iPhone.Build.0 = Release|Any CPU
		{6C0BF621-50EF-4B75-B3DD-BEF6B62ACF98}.Release_Android|iPhoneSimulator.ActiveCfg = Release|Any CPU
		{6C0BF621-50EF-4B75-B3DD-BEF6B62ACF98}.Release_Android|iPhoneSimulator.Build.0 = Release|Any CPU
		{6C0BF621-50EF-4B75-B3DD-BEF6B62ACF98}.Release_iOS|Any CPU.ActiveCfg = Release|Any CPU
		{6C0BF621-50EF-4B75-B3DD-BEF6B62ACF98}.Release_iOS|Any CPU.Build.0 = Release|Any CPU
		{6C0BF621-50EF-4B75-B3DD-BEF6B62ACF98}.Release_iOS|iPhone.ActiveCfg = Release|Any CPU
		{6C0BF621-50EF-4B75-B3DD-BEF6B62ACF98}.Release_iOS|iPhone.Build.0 = Release|Any CPU
		{6C0BF621-50EF-4B75-B3DD-BEF6B62ACF98}.Release_iOS|iPhoneSimulator.ActiveCfg = Release|Any CPU
		{6C0BF621-50EF-4B75-B3DD-BEF6B62ACF98}.Release_iOS|iPhoneSimulator.Build.0 = Release|Any CPU
		{6C0BF621-50EF-4B75-B3DD-BEF6B62ACF98}.Release_WebApp|Any CPU.ActiveCfg = Release|Any CPU
		{6C0BF621-50EF-4B75-B3DD-BEF6B62ACF98}.Release_WebApp|Any CPU.Build.0 = Release|Any CPU
		{6C0BF621-50EF-4B75-B3DD-BEF6B62ACF98}.Release_WebApp|iPhone.ActiveCfg = Release|Any CPU
		{6C0BF621-50EF-4B75-B3DD-BEF6B62ACF98}.Release_WebApp|iPhone.Build.0 = Release|Any CPU
		{6C0BF621-50EF-4B75-B3DD-BEF6B62ACF98}.Release_WebApp|iPhoneSimulator.ActiveCfg = Release|Any CPU
		{6C0BF621-50EF-4B75-B3DD-BEF6B62ACF98}.Release_WebApp|iPhoneSimulator.Build.0 = Release|Any CPU
		{6C0BF621-50EF-4B75-B3DD-BEF6B62ACF98}.Release|Any CPU.ActiveCfg = Release|Any CPU
		{6C0BF621-50EF-4B75-B3DD-BEF6B62ACF98}.Release|Any CPU.Build.0 = Release|Any CPU
		{6C0BF621-50EF-4B75-B3DD-BEF6B62ACF98}.Release|iPhone.ActiveCfg = Release|Any CPU
		{6C0BF621-50EF-4B75-B3DD-BEF6B62ACF98}.Release|iPhone.Build.0 = Release|Any CPU
		{6C0BF621-50EF-4B75-B3DD-BEF6B62ACF98}.Release|iPhoneSimulator.ActiveCfg = Release|Any CPU
		{6C0BF621-50EF-4B75-B3DD-BEF6B62ACF98}.Release|iPhoneSimulator.Build.0 = Release|Any CPU
		{2DB6A173-BDCD-4EC6-8A16-0684A9D4E07D}.Ad-Hoc|Any CPU.ActiveCfg = Debug|Any CPU
		{2DB6A173-BDCD-4EC6-8A16-0684A9D4E07D}.Ad-Hoc|Any CPU.Build.0 = Debug|Any CPU
		{2DB6A173-BDCD-4EC6-8A16-0684A9D4E07D}.Ad-Hoc|iPhone.ActiveCfg = Debug|Any CPU
		{2DB6A173-BDCD-4EC6-8A16-0684A9D4E07D}.Ad-Hoc|iPhone.Build.0 = Debug|Any CPU
		{2DB6A173-BDCD-4EC6-8A16-0684A9D4E07D}.Ad-Hoc|iPhoneSimulator.ActiveCfg = Debug|Any CPU
		{2DB6A173-BDCD-4EC6-8A16-0684A9D4E07D}.Ad-Hoc|iPhoneSimulator.Build.0 = Debug|Any CPU
		{2DB6A173-BDCD-4EC6-8A16-0684A9D4E07D}.AppStore|Any CPU.ActiveCfg = Debug|Any CPU
		{2DB6A173-BDCD-4EC6-8A16-0684A9D4E07D}.AppStore|Any CPU.Build.0 = Debug|Any CPU
		{2DB6A173-BDCD-4EC6-8A16-0684A9D4E07D}.AppStore|iPhone.ActiveCfg = Debug|Any CPU
		{2DB6A173-BDCD-4EC6-8A16-0684A9D4E07D}.AppStore|iPhone.Build.0 = Debug|Any CPU
		{2DB6A173-BDCD-4EC6-8A16-0684A9D4E07D}.AppStore|iPhoneSimulator.ActiveCfg = Debug|Any CPU
		{2DB6A173-BDCD-4EC6-8A16-0684A9D4E07D}.AppStore|iPhoneSimulator.Build.0 = Debug|Any CPU
		{2DB6A173-BDCD-4EC6-8A16-0684A9D4E07D}.Debug|Any CPU.ActiveCfg = Debug|Any CPU
		{2DB6A173-BDCD-4EC6-8A16-0684A9D4E07D}.Debug|Any CPU.Build.0 = Debug|Any CPU
		{2DB6A173-BDCD-4EC6-8A16-0684A9D4E07D}.Debug|iPhone.ActiveCfg = Debug|Any CPU
		{2DB6A173-BDCD-4EC6-8A16-0684A9D4E07D}.Debug|iPhone.Build.0 = Debug|Any CPU
		{2DB6A173-BDCD-4EC6-8A16-0684A9D4E07D}.Debug|iPhoneSimulator.ActiveCfg = Debug|Any CPU
		{2DB6A173-BDCD-4EC6-8A16-0684A9D4E07D}.Debug|iPhoneSimulator.Build.0 = Debug|Any CPU
		{2DB6A173-BDCD-4EC6-8A16-0684A9D4E07D}.Release_Android|Any CPU.ActiveCfg = Release|Any CPU
		{2DB6A173-BDCD-4EC6-8A16-0684A9D4E07D}.Release_Android|Any CPU.Build.0 = Release|Any CPU
		{2DB6A173-BDCD-4EC6-8A16-0684A9D4E07D}.Release_Android|iPhone.ActiveCfg = Release|Any CPU
		{2DB6A173-BDCD-4EC6-8A16-0684A9D4E07D}.Release_Android|iPhone.Build.0 = Release|Any CPU
		{2DB6A173-BDCD-4EC6-8A16-0684A9D4E07D}.Release_Android|iPhoneSimulator.ActiveCfg = Release|Any CPU
		{2DB6A173-BDCD-4EC6-8A16-0684A9D4E07D}.Release_Android|iPhoneSimulator.Build.0 = Release|Any CPU
		{2DB6A173-BDCD-4EC6-8A16-0684A9D4E07D}.Release_iOS|Any CPU.ActiveCfg = Release|Any CPU
		{2DB6A173-BDCD-4EC6-8A16-0684A9D4E07D}.Release_iOS|Any CPU.Build.0 = Release|Any CPU
		{2DB6A173-BDCD-4EC6-8A16-0684A9D4E07D}.Release_iOS|iPhone.ActiveCfg = Release|Any CPU
		{2DB6A173-BDCD-4EC6-8A16-0684A9D4E07D}.Release_iOS|iPhone.Build.0 = Release|Any CPU
		{2DB6A173-BDCD-4EC6-8A16-0684A9D4E07D}.Release_iOS|iPhoneSimulator.ActiveCfg = Release|Any CPU
		{2DB6A173-BDCD-4EC6-8A16-0684A9D4E07D}.Release_iOS|iPhoneSimulator.Build.0 = Release|Any CPU
		{2DB6A173-BDCD-4EC6-8A16-0684A9D4E07D}.Release_WebApp|Any CPU.ActiveCfg = Release|Any CPU
		{2DB6A173-BDCD-4EC6-8A16-0684A9D4E07D}.Release_WebApp|Any CPU.Build.0 = Release|Any CPU
		{2DB6A173-BDCD-4EC6-8A16-0684A9D4E07D}.Release_WebApp|iPhone.ActiveCfg = Release|Any CPU
		{2DB6A173-BDCD-4EC6-8A16-0684A9D4E07D}.Release_WebApp|iPhone.Build.0 = Release|Any CPU
		{2DB6A173-BDCD-4EC6-8A16-0684A9D4E07D}.Release_WebApp|iPhoneSimulator.ActiveCfg = Release|Any CPU
		{2DB6A173-BDCD-4EC6-8A16-0684A9D4E07D}.Release_WebApp|iPhoneSimulator.Build.0 = Release|Any CPU
		{2DB6A173-BDCD-4EC6-8A16-0684A9D4E07D}.Release|Any CPU.ActiveCfg = Release|Any CPU
		{2DB6A173-BDCD-4EC6-8A16-0684A9D4E07D}.Release|Any CPU.Build.0 = Release|Any CPU
		{2DB6A173-BDCD-4EC6-8A16-0684A9D4E07D}.Release|iPhone.ActiveCfg = Release|Any CPU
		{2DB6A173-BDCD-4EC6-8A16-0684A9D4E07D}.Release|iPhone.Build.0 = Release|Any CPU
		{2DB6A173-BDCD-4EC6-8A16-0684A9D4E07D}.Release|iPhoneSimulator.ActiveCfg = Release|Any CPU
		{2DB6A173-BDCD-4EC6-8A16-0684A9D4E07D}.Release|iPhoneSimulator.Build.0 = Release|Any CPU
	EndGlobalSection
	GlobalSection(SolutionProperties) = preSolution
		HideSolutionNode = FALSE
	EndGlobalSection
	GlobalSection(NestedProjects) = preSolution
		{C28131E6-DAB8-4C12-A466-72F25C6E7C04} = {50DD94C5-9BF8-4164-BD95-FE282BC83C58}
		{D872971B-6ACA-42A0-AB42-6AB276EE464C} = {50DD94C5-9BF8-4164-BD95-FE282BC83C58}
	EndGlobalSection
	GlobalSection(ExtensibilityGlobals) = postSolution
		SolutionGuid = {BE3E6C95-AE11-48AE-9296-1DBB4FCF2A79}
	EndGlobalSection
EndGlobal
